<Solution>
  <Project Path="UserRegistration.Api/UserRegistration.Api.csproj" />
  <Project Path="UserRegistration.Application/UserRegistration.Application.csproj" />
  <Project Path="UserRegistration.Infrastructure/UserRegistration.Infrastructure.csproj" />
  <Project Path="UserRegistration.Model/UserRegistration.Model.csproj" />
</Solution>
